
Microsoft Visual Studio Solution File, Format Version 12.00
# Visual Studio Version 17
VisualStudioVersion = 17.12.35521.163 d17.12
MinimumVisualStudioVersion = 10.0.40219.1
Project("{FAE04EC0-301F-11D3-BF4B-00C04F79EFBC}") = "probandoEntity", "probandoEntity\probandoEntity.csproj", "{A139BF20-2405-4BA8-B803-7735B33E92A2}"
EndProject
Project("{FAE04EC0-301F-11D3-BF4B-00C04F79EFBC}") = "DB", "DB\DB.csproj", "{26F241B2-B4E2-4169-B40C-F85A7A74970E}"
EndProject
Global
	GlobalSection(SolutionConfigurationPlatforms) = preSolution
		Debug|Any CPU = Debug|Any CPU
		Release|Any CPU = Release|Any CPU
	EndGlobalSection
	GlobalSection(ProjectConfigurationPlatforms) = postSolution
		{A139BF20-2405-4BA8-B803-7735B33E92A2}.Debug|Any CPU.ActiveCfg = Debug|Any CPU
		{A139BF20-2405-4BA8-B803-7735B33E92A2}.Debug|Any CPU.Build.0 = Debug|Any CPU
		{A139BF20-2405-4BA8-B803-7735B33E92A2}.Release|Any CPU.ActiveCfg = Release|Any CPU
		{A139BF20-2405-4BA8-B803-7735B33E92A2}.Release|Any CPU.Build.0 = Release|Any CPU
		{26F241B2-B4E2-4169-B40C-F85A7A74970E}.Debug|Any CPU.ActiveCfg = Debug|Any CPU
		{26F241B2-B4E2-4169-B40C-F85A7A74970E}.Debug|Any CPU.Build.0 = Debug|Any CPU
		{26F241B2-B4E2-4169-B40C-F85A7A74970E}.Release|Any CPU.ActiveCfg = Release|Any CPU
		{26F241B2-B4E2-4169-B40C-F85A7A74970E}.Release|Any CPU.Build.0 = Release|Any CPU
	EndGlobalSection
	GlobalSection(SolutionProperties) = preSolution
		HideSolutionNode = FALSE
	EndGlobalSection
EndGlobal
